
Microsoft Visual Studio Solution File, Format Version 12.00
# Visual Studio Version 16
VisualStudioVersion = 16.0.31025.194
MinimumVisualStudioVersion = 10.0.40219.1
Project("{FAE04EC0-301F-11D3-BF4B-00C04F79EFBC}") = "space", "space\space.csproj", "{DADAA3DB-B00D-4570-8B1A-EA992B16B13A}"
EndProject
Global
	GlobalSection(SolutionConfigurationPlatforms) = preSolution
		Debug|Any CPU = Debug|Any CPU
		Release|Any CPU = Release|Any CPU
	EndGlobalSection
	GlobalSection(ProjectConfigurationPlatforms) = postSolution
		{DADAA3DB-B00D-4570-8B1A-EA992B16B13A}.Debug|Any CPU.ActiveCfg = Debug|Any CPU
		{DADAA3DB-B00D-4570-8B1A-EA992B16B13A}.Debug|Any CPU.Build.0 = Debug|Any CPU
		{DADAA3DB-B00D-4570-8B1A-EA992B16B13A}.Release|Any CPU.ActiveCfg = Release|Any CPU
		{DADAA3DB-B00D-4570-8B1A-EA992B16B13A}.Release|Any CPU.Build.0 = Release|Any CPU
	EndGlobalSection
	GlobalSection(SolutionProperties) = preSolution
		HideSolutionNode = FALSE
	EndGlobalSection
	GlobalSection(ExtensibilityGlobals) = postSolution
		SolutionGuid = {4A3973DF-8387-4B9F-9D7B-6E9CEBF821F7}
	EndGlobalSection
EndGlobal
