
Microsoft Visual Studio Solution File, Format Version 12.00
# Visual Studio Version 16
VisualStudioVersion = 16.0.31025.194
MinimumVisualStudioVersion = 10.0.40219.1
Project("{9A19103F-16F7-4668-BE54-9A1E7A4F7556}") = "Tic Tac Toe", "WinFormsApp1\Tic Tac Toe.csproj", "{DFAC51A2-655B-481E-A9EA-88FB74CF8006}"
EndProject
Global
	GlobalSection(SolutionConfigurationPlatforms) = preSolution
		Debug|Any CPU = Debug|Any CPU
		Release|Any CPU = Release|Any CPU
	EndGlobalSection
	GlobalSection(ProjectConfigurationPlatforms) = postSolution
		{DFAC51A2-655B-481E-A9EA-88FB74CF8006}.Debug|Any CPU.ActiveCfg = Debug|Any CPU
		{DFAC51A2-655B-481E-A9EA-88FB74CF8006}.Debug|Any CPU.Build.0 = Debug|Any CPU
		{DFAC51A2-655B-481E-A9EA-88FB74CF8006}.Release|Any CPU.ActiveCfg = Release|Any CPU
		{DFAC51A2-655B-481E-A9EA-88FB74CF8006}.Release|Any CPU.Build.0 = Release|Any CPU
	EndGlobalSection
	GlobalSection(SolutionProperties) = preSolution
		HideSolutionNode = FALSE
	EndGlobalSection
	GlobalSection(ExtensibilityGlobals) = postSolution
		SolutionGuid = {B0D3B671-8EB2-4AC3-B4EA-305DA6F2F4A2}
	EndGlobalSection
EndGlobal
