
Microsoft Visual Studio Solution File, Format Version 12.00
# Visual Studio Version 16
VisualStudioVersion = 16.0.31025.194
MinimumVisualStudioVersion = 10.0.40219.1
Project("{FAE04EC0-301F-11D3-BF4B-00C04F79EFBC}") = "Floppy Bird", "Floppy Bird\Floppy Bird.csproj", "{8707E2C1-0AF0-46EB-9671-81CF1B016A92}"
EndProject
Global
	GlobalSection(SolutionConfigurationPlatforms) = preSolution
		Debug|Any CPU = Debug|Any CPU
		Release|Any CPU = Release|Any CPU
	EndGlobalSection
	GlobalSection(ProjectConfigurationPlatforms) = postSolution
		{8707E2C1-0AF0-46EB-9671-81CF1B016A92}.Debug|Any CPU.ActiveCfg = Debug|Any CPU
		{8707E2C1-0AF0-46EB-9671-81CF1B016A92}.Debug|Any CPU.Build.0 = Debug|Any CPU
		{8707E2C1-0AF0-46EB-9671-81CF1B016A92}.Release|Any CPU.ActiveCfg = Release|Any CPU
		{8707E2C1-0AF0-46EB-9671-81CF1B016A92}.Release|Any CPU.Build.0 = Release|Any CPU
	EndGlobalSection
	GlobalSection(SolutionProperties) = preSolution
		HideSolutionNode = FALSE
	EndGlobalSection
	GlobalSection(ExtensibilityGlobals) = postSolution
		SolutionGuid = {042ED03C-B99A-48FE-854A-8E05338EE41A}
	EndGlobalSection
EndGlobal
